// !$*UTF8*$!
{
	archiveVersion = 1;
	classes = {
	};
	objectVersion = 56;
	objects = {

/* Begin PBXBuildFile section */
		3F45C98C2A293BCE00B920EB /* ComicShopApp.swift in Sources */ = {isa = PBXBuildFile; fileRef = 3F45C98B2A293BCE00B920EB /* ComicShopApp.swift */; };
		3F45C98E2A293BCE00B920EB /* ContentView.swift in Sources */ = {isa = PBXBuildFile; fileRef = 3F45C98D2A293BCE00B920EB /* ContentView.swift */; };
		3F45C9902A293BD000B920EB /* Assets.xcassets in Resources */ = {isa = PBXBuildFile; fileRef = 3F45C98F2A293BD000B920EB /* Assets.xcassets */; };
		3F45C9932A293BD000B920EB /* Preview Assets.xcassets in Resources */ = {isa = PBXBuildFile; fileRef = 3F45C9922A293BD000B920EB /* Preview Assets.xcassets */; };
		3F45C99D2A293BD100B920EB /* ComicShopTests.swift in Sources */ = {isa = PBXBuildFile; fileRef = 3F45C99C2A293BD100B920EB /* ComicShopTests.swift */; };
		3F45C9A72A293BD100B920EB /* ComicShopUITests.swift in Sources */ = {isa = PBXBuildFile; fileRef = 3F45C9A62A293BD100B920EB /* ComicShopUITests.swift */; };
		3F45C9A92A293BD100B920EB /* ComicShopUITestsLaunchTests.swift in Sources */ = {isa = PBXBuildFile; fileRef = 3F45C9A82A293BD100B920EB /* ComicShopUITestsLaunchTests.swift */; };
/* End PBXBuildFile section */

/* Begin PBXContainerItemProxy section */
		3F45C9992A293BD100B920EB /* PBXContainerItemProxy */ = {
			isa = PBXContainerItemProxy;
			containerPortal = 3F45C9802A293BCE00B920EB /* Project object */;
			proxyType = 1;
			remoteGlobalIDString = 3F45C9872A293BCE00B920EB;
			remoteInfo = ComicShop;
		};
		3F45C9A32A293BD100B920EB /* PBXContainerItemProxy */ = {
			isa = PBXContainerItemProxy;
			containerPortal = 3F45C9802A293BCE00B920EB /* Project object */;
			proxyType = 1;
			remoteGlobalIDString = 3F45C9872A293BCE00B920EB;
			remoteInfo = ComicShop;
		};
/* End PBXContainerItemProxy section */

/* Begin PBXFileReference section */
		3F45C9882A293BCE00B920EB /* ComicShop.app */ = {isa = PBXFileReference; explicitFileType = wrapper.application; includeInIndex = 0; path = ComicShop.app; sourceTree = BUILT_PRODUCTS_DIR; };
		3F45C98B2A293BCE00B920EB /* ComicShopApp.swift */ = {isa = PBXFileReference; lastKnownFileType = sourcecode.swift; path = ComicShopApp.swift; sourceTree = "<group>"; };
		3F45C98D2A293BCE00B920EB /* ContentView.swift */ = {isa = PBXFileReference; lastKnownFileType = sourcecode.swift; path = ContentView.swift; sourceTree = "<group>"; };
		3F45C98F2A293BD000B920EB /* Assets.xcassets */ = {isa = PBXFileReference; lastKnownFileType = folder.assetcatalog; path = Assets.xcassets; sourceTree = "<group>"; };
		3F45C9922A293BD000B920EB /* Preview Assets.xcassets */ = {isa = PBXFileReference; lastKnownFileType = folder.assetcatalog; path = "Preview Assets.xcassets"; sourceTree = "<group>"; };
		3F45C9982A293BD100B920EB /* ComicShopTests.xctest */ = {isa = PBXFileReference; explicitFileType = wrapper.cfbundle; includeInIndex = 0; path = ComicShopTests.xctest; sourceTree = BUILT_PRODUCTS_DIR; };
		3F45C99C2A293BD100B920EB /* ComicShopTests.swift */ = {isa = PBXFileReference; lastKnownFileType = sourcecode.swift; path = ComicShopTests.swift; sourceTree = "<group>"; };
		3F45C9A22A293BD100B920EB /* ComicShopUITests.xctest */ = {isa = PBXFileReference; explicitFileType = wrapper.cfbundle; includeInIndex = 0; path = ComicShopUITests.xctest; sourceTree = BUILT_PRODUCTS_DIR; };
		3F45C9A62A293BD100B920EB /* ComicShopUITests.swift */ = {isa = PBXFileReference; lastKnownFileType = sourcecode.swift; path = ComicShopUITests.swift; sourceTree = "<group>"; };
		3F45C9A82A293BD100B920EB /* ComicShopUITestsLaunchTests.swift */ = {isa = PBXFileReference; lastKnownFileType = sourcecode.swift; path = ComicShopUITestsLaunchTests.swift; sourceTree = "<group>"; };
/* End PBXFileReference section */

/* Begin PBXFrameworksBuildPhase section */
		3F45C9852A293BCE00B920EB /* Frameworks */ = {
			isa = PBXFrameworksBuildPhase;
			buildActionMask = 2147483647;
			files = (
			);
			runOnlyForDeploymentPostprocessing = 0;
		};
		3F45C9952A293BD100B920EB /* Frameworks */ = {
			isa = PBXFrameworksBuildPhase;
			buildActionMask = 2147483647;
			files = (
			);
			runOnlyForDeploymentPostprocessing = 0;
		};
		3F45C99F2A293BD100B920EB /* Frameworks */ = {
			isa = PBXFrameworksBuildPhase;
			buildActionMask = 2147483647;
			files = (
			);
			runOnlyForDeploymentPostprocessing = 0;
		};
/* End PBXFrameworksBuildPhase section */

/* Begin PBXGroup section */
		3F45C97F2A293BCE00B920EB = {
			isa = PBXGroup;
			children = (
				3F45C98A2A293BCE00B920EB /* ComicShop */,
				3F45C99B2A293BD100B920EB /* ComicShopTests */,
				3F45C9A52A293BD100B920EB /* ComicShopUITests */,
				3F45C9892A293BCE00B920EB /* Products */,
			);
			sourceTree = "<group>";
		};
		3F45C9892A293BCE00B920EB /* Products */ = {
			isa = PBXGroup;
			children = (
				3F45C9882A293BCE00B920EB /* ComicShop.app */,
				3F45C9982A293BD100B920EB /* ComicShopTests.xctest */,
				3F45C9A22A293BD100B920EB /* ComicShopUITests.xctest */,
			);
			name = Products;
			sourceTree = "<group>";
		};
		3F45C98A2A293BCE00B920EB /* ComicShop */ = {
			isa = PBXGroup;
			children = (
				3F45C98B2A293BCE00B920EB /* ComicShopApp.swift */,
				3F45C98D2A293BCE00B920EB /* ContentView.swift */,
				3F45C98F2A293BD000B920EB /* Assets.xcassets */,
				3F45C9912A293BD000B920EB /* Preview Content */,
			);
			path = ComicShop;
			sourceTree = "<group>";
		};
		3F45C9912A293BD000B920EB /* Preview Content */ = {
			isa = PBXGroup;
			children = (
				3F45C9922A293BD000B920EB /* Preview Assets.xcassets */,
			);
			path = "Preview Content";
			sourceTree = "<group>";
		};
		3F45C99B2A293BD100B920EB /* ComicShopTests */ = {
			isa = PBXGroup;
			children = (
				3F45C99C2A293BD100B920EB /* ComicShopTests.swift */,
			);
			path = ComicShopTests;
			sourceTree = "<group>";
		};
		3F45C9A52A293BD100B920EB /* ComicShopUITests */ = {
			isa = PBXGroup;
			children = (
				3F45C9A62A293BD100B920EB /* ComicShopUITests.swift */,
				3F45C9A82A293BD100B920EB /* ComicShopUITestsLaunchTests.swift */,
			);
			path = ComicShopUITests;
			sourceTree = "<group>";
		};
/* End PBXGroup section */

/* Begin PBXNativeTarget section */
		3F45C9872A293BCE00B920EB /* ComicShop */ = {
			isa = PBXNativeTarget;
			buildConfigurationList = 3F45C9AC2A293BD100B920EB /* Build configuration list for PBXNativeTarget "ComicShop" */;
			buildPhases = (
				3F45C9842A293BCE00B920EB /* Sources */,
				3F45C9852A293BCE00B920EB /* Frameworks */,
				3F45C9862A293BCE00B920EB /* Resources */,
			);
			buildRules = (
			);
			dependencies = (
			);
			name = ComicShop;
			productName = ComicShop;
			productReference = 3F45C9882A293BCE00B920EB /* ComicShop.app */;
			productType = "com.apple.product-type.application";
		};
		3F45C9972A293BD100B920EB /* ComicShopTests */ = {
			isa = PBXNativeTarget;
			buildConfigurationList = 3F45C9AF2A293BD100B920EB /* Build configuration list for PBXNativeTarget "ComicShopTests" */;
			buildPhases = (
				3F45C9942A293BD100B920EB /* Sources */,
				3F45C9952A293BD100B920EB /* Frameworks */,
				3F45C9962A293BD100B920EB /* Resources */,
			);
			buildRules = (
			);
			dependencies = (
				3F45C99A2A293BD100B920EB /* PBXTargetDependency */,
			);
			name = ComicShopTests;
			productName = ComicShopTests;
			productReference = 3F45C9982A293BD100B920EB /* ComicShopTests.xctest */;
			productType = "com.apple.product-type.bundle.unit-test";
		};
		3F45C9A12A293BD100B920EB /* ComicShopUITests */ = {
			isa = PBXNativeTarget;
			buildConfigurationList = 3F45C9B22A293BD100B920EB /* Build configuration list for PBXNativeTarget "ComicShopUITests" */;
			buildPhases = (
				3F45C99E2A293BD100B920EB /* Sources */,
				3F45C99F2A293BD100B920EB /* Frameworks */,
				3F45C9A02A293BD100B920EB /* Resources */,
			);
			buildRules = (
			);
			dependencies = (
				3F45C9A42A293BD100B920EB /* PBXTargetDependency */,
			);
			name = ComicShopUITests;
			productName = ComicShopUITests;
			productReference = 3F45C9A22A293BD100B920EB /* ComicShopUITests.xctest */;
			productType = "com.apple.product-type.bundle.ui-testing";
		};
/* End PBXNativeTarget section */

/* Begin PBXProject section */
		3F45C9802A293BCE00B920EB /* Project object */ = {
			isa = PBXProject;
			attributes = {
				BuildIndependentTargetsInParallel = 1;
				LastSwiftUpdateCheck = 1430;
				LastUpgradeCheck = 1430;
				TargetAttributes = {
					3F45C9872A293BCE00B920EB = {
						CreatedOnToolsVersion = 14.3;
					};
					3F45C9972A293BD100B920EB = {
						CreatedOnToolsVersion = 14.3;
						TestTargetID = 3F45C9872A293BCE00B920EB;
					};
					3F45C9A12A293BD100B920EB = {
						CreatedOnToolsVersion = 14.3;
						TestTargetID = 3F45C9872A293BCE00B920EB;
					};
				};
			};
			buildConfigurationList = 3F45C9832A293BCE00B920EB /* Build configuration list for PBXProject "ComicShop" */;
			compatibilityVersion = "Xcode 14.0";
			developmentRegion = en;
			hasScannedForEncodings = 0;
			knownRegions = (
				en,
				Base,
			);
			mainGroup = 3F45C97F2A293BCE00B920EB;
			productRefGroup = 3F45C9892A293BCE00B920EB /* Products */;
			projectDirPath = "";
			projectRoot = "";
			targets = (
				3F45C9872A293BCE00B920EB /* ComicShop */,
				3F45C9972A293BD100B920EB /* ComicShopTests */,
				3F45C9A12A293BD100B920EB /* ComicShopUITests */,
			);
		};
/* End PBXProject section */

/* Begin PBXResourcesBuildPhase section */
		3F45C9862A293BCE00B920EB /* Resources */ = {
			isa = PBXResourcesBuildPhase;
			buildActionMask = 2147483647;
			files = (
				3F45C9932A293BD000B920EB /* Preview Assets.xcassets in Resources */,
				3F45C9902A293BD000B920EB /* Assets.xcassets in Resources */,
			);
			runOnlyForDeploymentPostprocessing = 0;
		};
		3F45C9962A293BD100B920EB /* Resources */ = {
			isa = PBXResourcesBuildPhase;
			buildActionMask = 2147483647;
			files = (
			);
			runOnlyForDeploymentPostprocessing = 0;
		};
		3F45C9A02A293BD100B920EB /* Resources */ = {
			isa = PBXResourcesBuildPhase;
			buildActionMask = 2147483647;
			files = (
			);
			runOnlyForDeploymentPostprocessing = 0;
		};
/* End PBXResourcesBuildPhase section */

/* Begin PBXSourcesBuildPhase section */
		3F45C9842A293BCE00B920EB /* Sources */ = {
			isa = PBXSourcesBuildPhase;
			buildActionMask = 2147483647;
			files = (
				3F45C98E2A293BCE00B920EB /* ContentView.swift in Sources */,
				3F45C98C2A293BCE00B920EB /* ComicShopApp.swift in Sources */,
			);
			runOnlyForDeploymentPostprocessing = 0;
		};
		3F45C9942A293BD100B920EB /* Sources */ = {
			isa = PBXSourcesBuildPhase;
			buildActionMask = 2147483647;
			files = (
				3F45C99D2A293BD100B920EB /* ComicShopTests.swift in Sources */,
			);
			runOnlyForDeploymentPostprocessing = 0;
		};
		3F45C99E2A293BD100B920EB /* Sources */ = {
			isa = PBXSourcesBuildPhase;
			buildActionMask = 2147483647;
			files = (
				3F45C9A92A293BD100B920EB /* ComicShopUITestsLaunchTests.swift in Sources */,
				3F45C9A72A293BD100B920EB /* ComicShopUITests.swift in Sources */,
			);
			runOnlyForDeploymentPostprocessing = 0;
		};
/* End PBXSourcesBuildPhase section */

/* Begin PBXTargetDependency section */
		3F45C99A2A293BD100B920EB /* PBXTargetDependency */ = {
			isa = PBXTargetDependency;
			target = 3F45C9872A293BCE00B920EB /* ComicShop */;
			targetProxy = 3F45C9992A293BD100B920EB /* PBXContainerItemProxy */;
		};
		3F45C9A42A293BD100B920EB /* PBXTargetDependency */ = {
			isa = PBXTargetDependency;
			target = 3F45C9872A293BCE00B920EB /* ComicShop */;
			targetProxy = 3F45C9A32A293BD100B920EB /* PBXContainerItemProxy */;
		};
/* End PBXTargetDependency section */

/* Begin XCBuildConfiguration section */
		3F45C9AA2A293BD100B920EB /* Debug */ = {
			isa = XCBuildConfiguration;
			buildSettings = {
				ALWAYS_SEARCH_USER_PATHS = NO;
				CLANG_ANALYZER_NONNULL = YES;
				CLANG_ANALYZER_NUMBER_OBJECT_CONVERSION = YES_AGGRESSIVE;
				CLANG_CXX_LANGUAGE_STANDARD = "gnu++20";
				CLANG_ENABLE_MODULES = YES;
				CLANG_ENABLE_OBJC_ARC = YES;
				CLANG_ENABLE_OBJC_WEAK = YES;
				CLANG_WARN_BLOCK_CAPTURE_AUTORELEASING = YES;
				CLANG_WARN_BOOL_CONVERSION = YES;
				CLANG_WARN_COMMA = YES;
				CLANG_WARN_CONSTANT_CONVERSION = YES;
				CLANG_WARN_DEPRECATED_OBJC_IMPLEMENTATIONS = YES;
				CLANG_WARN_DIRECT_OBJC_ISA_USAGE = YES_ERROR;
				CLANG_WARN_DOCUMENTATION_COMMENTS = YES;
				CLANG_WARN_EMPTY_BODY = YES;
				CLANG_WARN_ENUM_CONVERSION = YES;
				CLANG_WARN_INFINITE_RECURSION = YES;
				CLANG_WARN_INT_CONVERSION = YES;
				CLANG_WARN_NON_LITERAL_NULL_CONVERSION = YES;
				CLANG_WARN_OBJC_IMPLICIT_RETAIN_SELF = YES;
				CLANG_WARN_OBJC_LITERAL_CONVERSION = YES;
				CLANG_WARN_OBJC_ROOT_CLASS = YES_ERROR;
				CLANG_WARN_QUOTED_INCLUDE_IN_FRAMEWORK_HEADER = YES;
				CLANG_WARN_RANGE_LOOP_ANALYSIS = YES;
				CLANG_WARN_STRICT_PROTOTYPES = YES;
				CLANG_WARN_SUSPICIOUS_MOVE = YES;
				CLANG_WARN_UNGUARDED_AVAILABILITY = YES_AGGRESSIVE;
				CLANG_WARN_UNREACHABLE_CODE = YES;
				CLANG_WARN__DUPLICATE_METHOD_MATCH = YES;
				COPY_PHASE_STRIP = NO;
				DEBUG_INFORMATION_FORMAT = dwarf;
				ENABLE_STRICT_OBJC_MSGSEND = YES;
				ENABLE_TESTABILITY = YES;
				GCC_C_LANGUAGE_STANDARD = gnu11;
				GCC_DYNAMIC_NO_PIC = NO;
				GCC_NO_COMMON_BLOCKS = YES;
				GCC_OPTIMIZATION_LEVEL = 0;
				GCC_PREPROCESSOR_DEFINITIONS = (
					"DEBUG=1",
					"$(inherited)",
				);
				GCC_WARN_64_TO_32_BIT_CONVERSION = YES;
				GCC_WARN_ABOUT_RETURN_TYPE = YES_ERROR;
				GCC_WARN_UNDECLARED_SELECTOR = YES;
				GCC_WARN_UNINITIALIZED_AUTOS = YES_AGGRESSIVE;
				GCC_WARN_UNUSED_FUNCTION = YES;
				GCC_WARN_UNUSED_VARIABLE = YES;
				IPHONEOS_DEPLOYMENT_TARGET = 16.4;
				MTL_ENABLE_DEBUG_INFO = INCLUDE_SOURCE;
				MTL_FAST_MATH = YES;
				ONLY_ACTIVE_ARCH = YES;
				SDKROOT = iphoneos;
				SWIFT_ACTIVE_COMPILATION_CONDITIONS = DEBUG;
				SWIFT_OPTIMIZATION_LEVEL = "-Onone";
			};
			name = Debug;
		};
		3F45C9AB2A293BD100B920EB /* Release */ = {
			isa = XCBuildConfiguration;
			buildSettings = {
				ALWAYS_SEARCH_USER_PATHS = NO;
				CLANG_ANALYZER_NONNULL = YES;
				CLANG_ANALYZER_NUMBER_OBJECT_CONVERSION = YES_AGGRESSIVE;
				CLANG_CXX_LANGUAGE_STANDARD = "gnu++20";
				CLANG_ENABLE_MODULES = YES;
				CLANG_ENABLE_OBJC_ARC = YES;
				CLANG_ENABLE_OBJC_WEAK = YES;
				CLANG_WARN_BLOCK_CAPTURE_AUTORELEASING = YES;
				CLANG_WARN_BOOL_CONVERSION = YES;
				CLANG_WARN_COMMA = YES;
				CLANG_WARN_CONSTANT_CONVERSION = YES;
				CLANG_WARN_DEPRECATED_OBJC_IMPLEMENTATIONS = YES;
				CLANG_WARN_DIRECT_OBJC_ISA_USAGE = YES_ERROR;
				CLANG_WARN_DOCUMENTATION_COMMENTS = YES;
				CLANG_WARN_EMPTY_BODY = YES;
				CLANG_WARN_ENUM_CONVERSION = YES;
				CLANG_WARN_INFINITE_RECURSION = YES;
				CLANG_WARN_INT_CONVERSION = YES;
				CLANG_WARN_NON_LITERAL_NULL_CONVERSION = YES;
				CLANG_WARN_OBJC_IMPLICIT_RETAIN_SELF = YES;
				CLANG_WARN_OBJC_LITERAL_CONVERSION = YES;
				CLANG_WARN_OBJC_ROOT_CLASS = YES_ERROR;
				CLANG_WARN_QUOTED_INCLUDE_IN_FRAMEWORK_HEADER = YES;
				CLANG_WARN_RANGE_LOOP_ANALYSIS = YES;
				CLANG_WARN_STRICT_PROTOTYPES = YES;
				CLANG_WARN_SUSPICIOUS_MOVE = YES;
				CLANG_WARN_UNGUARDED_AVAILABILITY = YES_AGGRESSIVE;
				CLANG_WARN_UNREACHABLE_CODE = YES;
				CLANG_WARN__DUPLICATE_METHOD_MATCH = YES;
				COPY_PHASE_STRIP = NO;
				DEBUG_INFORMATION_FORMAT = "dwarf-with-dsym";
				ENABLE_NS_ASSERTIONS = NO;
				ENABLE_STRICT_OBJC_MSGSEND = YES;
				GCC_C_LANGUAGE_STANDARD = gnu11;
				GCC_NO_COMMON_BLOCKS = YES;
				GCC_WARN_64_TO_32_BIT_CONVERSION = YES;
				GCC_WARN_ABOUT_RETURN_TYPE = YES_ERROR;
				GCC_WARN_UNDECLARED_SELECTOR = YES;
				GCC_WARN_UNINITIALIZED_AUTOS = YES_AGGRESSIVE;
				GCC_WARN_UNUSED_FUNCTION = YES;
				GCC_WARN_UNUSED_VARIABLE = YES;
				IPHONEOS_DEPLOYMENT_TARGET = 16.4;
				MTL_ENABLE_DEBUG_INFO = NO;
				MTL_FAST_MATH = YES;
				SDKROOT = iphoneos;
				SWIFT_COMPILATION_MODE = wholemodule;
				SWIFT_OPTIMIZATION_LEVEL = "-O";
				VALIDATE_PRODUCT = YES;
			};
			name = Release;
		};
		3F45C9AD2A293BD100B920EB /* Debug */ = {
			isa = XCBuildConfiguration;
			buildSettings = {
				ASSETCATALOG_COMPILER_APPICON_NAME = AppIcon;
				ASSETCATALOG_COMPILER_GLOBAL_ACCENT_COLOR_NAME = AccentColor;
				CODE_SIGN_STYLE = Automatic;
				CURRENT_PROJECT_VERSION = 1;
				DEVELOPMENT_ASSET_PATHS = "\"ComicShop/Preview Content\"";
				DEVELOPMENT_TEAM = NXZ6YP6W9M;
				ENABLE_PREVIEWS = YES;
				GENERATE_INFOPLIST_FILE = YES;
				INFOPLIST_KEY_UIApplicationSceneManifest_Generation = YES;
				INFOPLIST_KEY_UIApplicationSupportsIndirectInputEvents = YES;
				INFOPLIST_KEY_UILaunchScreen_Generation = YES;
				INFOPLIST_KEY_UISupportedInterfaceOrientations_iPad = "UIInterfaceOrientationPortrait UIInterfaceOrientationPortraitUpsideDown UIInterfaceOrientationLandscapeLeft UIInterfaceOrientationLandscapeRight";
				INFOPLIST_KEY_UISupportedInterfaceOrientations_iPhone = "UIInterfaceOrientationPortrait UIInterfaceOrientationLandscapeLeft UIInterfaceOrientationLandscapeRight";
				LD_RUNPATH_SEARCH_PATHS = (
					"$(inherited)",
					"@executable_path/Frameworks",
				);
				MARKETING_VERSION = 1.0;
				PRODUCT_BUNDLE_IDENTIFIER = com.trtechnology.ComicShop;
				PRODUCT_NAME = "$(TARGET_NAME)";
				SWIFT_EMIT_LOC_STRINGS = YES;
				SWIFT_VERSION = 5.0;
				TARGETED_DEVICE_FAMILY = "1,2";
			};
			name = Debug;
		};
		3F45C9AE2A293BD100B920EB /* Release */ = {
			isa = XCBuildConfiguration;
			buildSettings = {
				ASSETCATALOG_COMPILER_APPICON_NAME = AppIcon;
				ASSETCATALOG_COMPILER_GLOBAL_ACCENT_COLOR_NAME = AccentColor;
				CODE_SIGN_STYLE = Automatic;
				CURRENT_PROJECT_VERSION = 1;
				DEVELOPMENT_ASSET_PATHS = "\"ComicShop/Preview Content\"";
				DEVELOPMENT_TEAM = NXZ6YP6W9M;
				ENABLE_PREVIEWS = YES;
				GENERATE_INFOPLIST_FILE = YES;
				INFOPLIST_KEY_UIApplicationSceneManifest_Generation = YES;
				INFOPLIST_KEY_UIApplicationSupportsIndirectInputEvents = YES;
				INFOPLIST_KEY_UILaunchScreen_Generation = YES;
				INFOPLIST_KEY_UISupportedInterfaceOrientations_iPad = "UIInterfaceOrientationPortrait UIInterfaceOrientationPortraitUpsideDown UIInterfaceOrientationLandscapeLeft UIInterfaceOrientationLandscapeRight";
				INFOPLIST_KEY_UISupportedInterfaceOrientations_iPhone = "UIInterfaceOrientationPortrait UIInterfaceOrientationLandscapeLeft UIInterfaceOrientationLandscapeRight";
				LD_RUNPATH_SEARCH_PATHS = (
					"$(inherited)",
					"@executable_path/Frameworks",
				);
				MARKETING_VERSION = 1.0;
				PRODUCT_BUNDLE_IDENTIFIER = com.trtechnology.ComicShop;
				PRODUCT_NAME = "$(TARGET_NAME)";
				SWIFT_EMIT_LOC_STRINGS = YES;
				SWIFT_VERSION = 5.0;
				TARGETED_DEVICE_FAMILY = "1,2";
			};
			name = Release;
		};
		3F45C9B02A293BD100B920EB /* Debug */ = {
			isa = XCBuildConfiguration;
			buildSettings = {
				ALWAYS_EMBED_SWIFT_STANDARD_LIBRARIES = YES;
				BUNDLE_LOADER = "$(TEST_HOST)";
				CODE_SIGN_STYLE = Automatic;
				CURRENT_PROJECT_VERSION = 1;
				DEVELOPMENT_TEAM = NXZ6YP6W9M;
				GENERATE_INFOPLIST_FILE = YES;
				IPHONEOS_DEPLOYMENT_TARGET = 16.4;
				MARKETING_VERSION = 1.0;
				PRODUCT_BUNDLE_IDENTIFIER = com.trtechnology.ComicShopTests;
				PRODUCT_NAME = "$(TARGET_NAME)";
				SWIFT_EMIT_LOC_STRINGS = NO;
				SWIFT_VERSION = 5.0;
				TARGETED_DEVICE_FAMILY = "1,2";
				TEST_HOST = "$(BUILT_PRODUCTS_DIR)/ComicShop.app/$(BUNDLE_EXECUTABLE_FOLDER_PATH)/ComicShop";
			};
			name = Debug;
		};
		3F45C9B12A293BD100B920EB /* Release */ = {
			isa = XCBuildConfiguration;
			buildSettings = {
				ALWAYS_EMBED_SWIFT_STANDARD_LIBRARIES = YES;
				BUNDLE_LOADER = "$(TEST_HOST)";
				CODE_SIGN_STYLE = Automatic;
				CURRENT_PROJECT_VERSION = 1;
				DEVELOPMENT_TEAM = NXZ6YP6W9M;
				GENERATE_INFOPLIST_FILE = YES;
				IPHONEOS_DEPLOYMENT_TARGET = 16.4;
				MARKETING_VERSION = 1.0;
				PRODUCT_BUNDLE_IDENTIFIER = com.trtechnology.ComicShopTests;
				PRODUCT_NAME = "$(TARGET_NAME)";
				SWIFT_EMIT_LOC_STRINGS = NO;
				SWIFT_VERSION = 5.0;
				TARGETED_DEVICE_FAMILY = "1,2";
				TEST_HOST = "$(BUILT_PRODUCTS_DIR)/ComicShop.app/$(BUNDLE_EXECUTABLE_FOLDER_PATH)/ComicShop";
			};
			name = Release;
		};
		3F45C9B32A293BD100B920EB /* Debug */ = {
			isa = XCBuildConfiguration;
			buildSettings = {
				ALWAYS_EMBED_SWIFT_STANDARD_LIBRARIES = YES;
				CODE_SIGN_STYLE = Automatic;
				CURRENT_PROJECT_VERSION = 1;
				DEVELOPMENT_TEAM = NXZ6YP6W9M;
				GENERATE_INFOPLIST_FILE = YES;
				MARKETING_VERSION = 1.0;
				PRODUCT_BUNDLE_IDENTIFIER = com.trtechnology.ComicShopUITests;
				PRODUCT_NAME = "$(TARGET_NAME)";
				SWIFT_EMIT_LOC_STRINGS = NO;
				SWIFT_VERSION = 5.0;
				TARGETED_DEVICE_FAMILY = "1,2";
				TEST_TARGET_NAME = ComicShop;
			};
			name = Debug;
		};
		3F45C9B42A293BD100B920EB /* Release */ = {
			isa = XCBuildConfiguration;
			buildSettings = {
				ALWAYS_EMBED_SWIFT_STANDARD_LIBRARIES = YES;
				CODE_SIGN_STYLE = Automatic;
				CURRENT_PROJECT_VERSION = 1;
				DEVELOPMENT_TEAM = NXZ6YP6W9M;
				GENERATE_INFOPLIST_FILE = YES;
				MARKETING_VERSION = 1.0;
				PRODUCT_BUNDLE_IDENTIFIER = com.trtechnology.ComicShopUITests;
				PRODUCT_NAME = "$(TARGET_NAME)";
				SWIFT_EMIT_LOC_STRINGS = NO;
				SWIFT_VERSION = 5.0;
				TARGETED_DEVICE_FAMILY = "1,2";
				TEST_TARGET_NAME = ComicShop;
			};
			name = Release;
		};
/* End XCBuildConfiguration section */

/* Begin XCConfigurationList section */
		3F45C9832A293BCE00B920EB /* Build configuration list for PBXProject "ComicShop" */ = {
			isa = XCConfigurationList;
			buildConfigurations = (
				3F45C9AA2A293BD100B920EB /* Debug */,
				3F45C9AB2A293BD100B920EB /* Release */,
			);
			defaultConfigurationIsVisible = 0;
			defaultConfigurationName = Release;
		};
		3F45C9AC2A293BD100B920EB /* Build configuration list for PBXNativeTarget "ComicShop" */ = {
			isa = XCConfigurationList;
			buildConfigurations = (
				3F45C9AD2A293BD100B920EB /* Debug */,
				3F45C9AE2A293BD100B920EB /* Release */,
			);
			defaultConfigurationIsVisible = 0;
			defaultConfigurationName = Release;
		};
		3F45C9AF2A293BD100B920EB /* Build configuration list for PBXNativeTarget "ComicShopTests" */ = {
			isa = XCConfigurationList;
			buildConfigurations = (
				3F45C9B02A293BD100B920EB /* Debug */,
				3F45C9B12A293BD100B920EB /* Release */,
			);
			defaultConfigurationIsVisible = 0;
			defaultConfigurationName = Release;
		};
		3F45C9B22A293BD100B920EB /* Build configuration list for PBXNativeTarget "ComicShopUITests" */ = {
			isa = XCConfigurationList;
			buildConfigurations = (
				3F45C9B32A293BD100B920EB /* Debug */,
				3F45C9B42A293BD100B920EB /* Release */,
			);
			defaultConfigurationIsVisible = 0;
			defaultConfigurationName = Release;
		};
/* End XCConfigurationList section */
	};
	rootObject = 3F45C9802A293BCE00B920EB /* Project object */;
}
